
Microsoft Visual Studio Solution File, Format Version 12.00
# Visual Studio Version 16
VisualStudioVersion = 16.0.30621.155
MinimumVisualStudioVersion = 10.0.40219.1
Project("{9A19103F-16F7-4668-BE54-9A1E7A4F7556}") = "PlainUDPReceiver", "PlainUDPReceiver\PlainUDPReceiver.csproj", "{01A66FB2-016D-4FE3-9C99-A49286C25E2A}"
EndProject
Project("{9A19103F-16F7-4668-BE54-9A1E7A4F7556}") = "PlainUDPSender", "PlainUDPSender\PlainUDPSender.csproj", "{A7287C8A-AF86-419D-BBBC-D2420FCBBF5D}"
EndProject
Project("{9A19103F-16F7-4668-BE54-9A1E7A4F7556}") = "ModelLib", "ModelLib\ModelLib.csproj", "{8E057958-96D8-4E6C-8CD8-5DA08F369F3C}"
EndProject
Project("{FAE04EC0-301F-11D3-BF4B-00C04F79EFBC}") = "JsonUDPreceiver", "JsonUDPreceiver\JsonUDPreceiver.csproj", "{36C9BB5A-20E7-474A-89B7-E1138BB3F72F}"
EndProject
Project("{FAE04EC0-301F-11D3-BF4B-00C04F79EFBC}") = "JsonUDPSender", "JsonUDPSender\JsonUDPSender.csproj", "{784B026B-C7CA-4457-B36D-150426481E33}"
EndProject
Global
	GlobalSection(SolutionConfigurationPlatforms) = preSolution
		Debug|Any CPU = Debug|Any CPU
		Release|Any CPU = Release|Any CPU
	EndGlobalSection
	GlobalSection(ProjectConfigurationPlatforms) = postSolution
		{01A66FB2-016D-4FE3-9C99-A49286C25E2A}.Debug|Any CPU.ActiveCfg = Debug|Any CPU
		{01A66FB2-016D-4FE3-9C99-A49286C25E2A}.Debug|Any CPU.Build.0 = Debug|Any CPU
		{01A66FB2-016D-4FE3-9C99-A49286C25E2A}.Release|Any CPU.ActiveCfg = Release|Any CPU
		{01A66FB2-016D-4FE3-9C99-A49286C25E2A}.Release|Any CPU.Build.0 = Release|Any CPU
		{A7287C8A-AF86-419D-BBBC-D2420FCBBF5D}.Debug|Any CPU.ActiveCfg = Debug|Any CPU
		{A7287C8A-AF86-419D-BBBC-D2420FCBBF5D}.Debug|Any CPU.Build.0 = Debug|Any CPU
		{A7287C8A-AF86-419D-BBBC-D2420FCBBF5D}.Release|Any CPU.ActiveCfg = Release|Any CPU
		{A7287C8A-AF86-419D-BBBC-D2420FCBBF5D}.Release|Any CPU.Build.0 = Release|Any CPU
		{8E057958-96D8-4E6C-8CD8-5DA08F369F3C}.Debug|Any CPU.ActiveCfg = Debug|Any CPU
		{8E057958-96D8-4E6C-8CD8-5DA08F369F3C}.Debug|Any CPU.Build.0 = Debug|Any CPU
		{8E057958-96D8-4E6C-8CD8-5DA08F369F3C}.Release|Any CPU.ActiveCfg = Release|Any CPU
		{8E057958-96D8-4E6C-8CD8-5DA08F369F3C}.Release|Any CPU.Build.0 = Release|Any CPU
		{36C9BB5A-20E7-474A-89B7-E1138BB3F72F}.Debug|Any CPU.ActiveCfg = Debug|Any CPU
		{36C9BB5A-20E7-474A-89B7-E1138BB3F72F}.Debug|Any CPU.Build.0 = Debug|Any CPU
		{36C9BB5A-20E7-474A-89B7-E1138BB3F72F}.Release|Any CPU.ActiveCfg = Release|Any CPU
		{36C9BB5A-20E7-474A-89B7-E1138BB3F72F}.Release|Any CPU.Build.0 = Release|Any CPU
		{784B026B-C7CA-4457-B36D-150426481E33}.Debug|Any CPU.ActiveCfg = Debug|Any CPU
		{784B026B-C7CA-4457-B36D-150426481E33}.Debug|Any CPU.Build.0 = Debug|Any CPU
		{784B026B-C7CA-4457-B36D-150426481E33}.Release|Any CPU.ActiveCfg = Release|Any CPU
		{784B026B-C7CA-4457-B36D-150426481E33}.Release|Any CPU.Build.0 = Release|Any CPU
	EndGlobalSection
	GlobalSection(SolutionProperties) = preSolution
		HideSolutionNode = FALSE
	EndGlobalSection
	GlobalSection(ExtensibilityGlobals) = postSolution
		SolutionGuid = {F7AF4CA0-5463-42CE-8205-0BF492FC2D79}
	EndGlobalSection
EndGlobal
